# This file was autogenerated by Stack.
# You should not edit this file by hand.
# For more information, please see the documentation at:
#   https://docs.haskellstack.org/en/stable/lock_files

packages:
- completed:
    commit: 3fe4f236c914bcf339de88e8b3348c95734b0bbb
    git: https://github.com/10Pines/pdepreludat.git
    name: pdeprelude
    pantry-tree:
      sha256: 891c7d99540986be98de0f659541096383c73ed7756912ca1432a1236b9bf780
      size: 2645
    version: 0.2.0.0
  original:
    commit: 3fe4f236c914bcf339de88e8b3348c95734b0bbb
    git: https://github.com/10Pines/pdepreludat.git
snapshots:
- completed:
    sha256: 87842ecbaa8ca9cee59a7e6be52369dbed82ed075cb4e0d152614a627e8fd488
    size: 586069
    url: https://raw.githubusercontent.com/commercialhaskell/stackage-snapshots/master/lts/18/14.yaml
  original: lts-18.14
